
Microsoft Visual Studio Solution File, Format Version 12.00
# Visual Studio 14
VisualStudioVersion = 14.0.25420.1
MinimumVisualStudioVersion = 10.0.40219.1
Project("{FAE04EC0-301F-11D3-BF4B-00C04F79EFBC}") = "Xamarin_Practice", "Xamarin_Practice\Xamarin_Practice\Xamarin_Practice.csproj", "{24968AED-2C27-41AB-BC02-CAB22550B750}"
EndProject
Project("{FAE04EC0-301F-11D3-BF4B-00C04F79EFBC}") = "Xamarin_Practice.Droid", "Xamarin_Practice\Xamarin_Practice.Droid\Xamarin_Practice.Droid.csproj", "{C16FC6A0-F4E8-4695-A785-6B92E1294497}"
EndProject
Project("{FAE04EC0-301F-11D3-BF4B-00C04F79EFBC}") = "Xamarin_Practice.iOS", "Xamarin_Practice\Xamarin_Practice.iOS\Xamarin_Practice.iOS.csproj", "{2EB6A623-7AC9-4DE3-BCC7-1F9F5BC576D1}"
EndProject
Project("{FAE04EC0-301F-11D3-BF4B-00C04F79EFBC}") = "Xamarin_Practice.WinPhone", "Xamarin_Practice\Xamarin_Practice.WinPhone\Xamarin_Practice.WinPhone.csproj", "{BF09E65A-1F4B-46F6-8C79-4A602F9B6567}"
EndProject
Project("{FAE04EC0-301F-11D3-BF4B-00C04F79EFBC}") = "Xamarin_Practice.Windows", "Xamarin_Practice\Xamarin_Practice.Windows\Xamarin_Practice.Windows.csproj", "{F90C8560-3D0F-4D2F-9293-94D6E9D83734}"
EndProject
Global
	GlobalSection(SolutionConfigurationPlatforms) = preSolution
		Ad-Hoc|Any CPU = Ad-Hoc|Any CPU
		Ad-Hoc|ARM = Ad-Hoc|ARM
		Ad-Hoc|iPhone = Ad-Hoc|iPhone
		Ad-Hoc|iPhoneSimulator = Ad-Hoc|iPhoneSimulator
		Ad-Hoc|x64 = Ad-Hoc|x64
		Ad-Hoc|x86 = Ad-Hoc|x86
		AppStore|Any CPU = AppStore|Any CPU
		AppStore|ARM = AppStore|ARM
		AppStore|iPhone = AppStore|iPhone
		AppStore|iPhoneSimulator = AppStore|iPhoneSimulator
		AppStore|x64 = AppStore|x64
		AppStore|x86 = AppStore|x86
		Debug|Any CPU = Debug|Any CPU
		Debug|ARM = Debug|ARM
		Debug|iPhone = Debug|iPhone
		Debug|iPhoneSimulator = Debug|iPhoneSimulator
		Debug|x64 = Debug|x64
		Debug|x86 = Debug|x86
		Release|Any CPU = Release|Any CPU
		Release|ARM = Release|ARM
		Release|iPhone = Release|iPhone
		Release|iPhoneSimulator = Release|iPhoneSimulator
		Release|x64 = Release|x64
		Release|x86 = Release|x86
	EndGlobalSection
	GlobalSection(ProjectConfigurationPlatforms) = postSolution
		{24968AED-2C27-41AB-BC02-CAB22550B750}.Ad-Hoc|Any CPU.ActiveCfg = Release|Any CPU
		{24968AED-2C27-41AB-BC02-CAB22550B750}.Ad-Hoc|Any CPU.Build.0 = Release|Any CPU
		{24968AED-2C27-41AB-BC02-CAB22550B750}.Ad-Hoc|ARM.ActiveCfg = Release|Any CPU
		{24968AED-2C27-41AB-BC02-CAB22550B750}.Ad-Hoc|ARM.Build.0 = Release|Any CPU
		{24968AED-2C27-41AB-BC02-CAB22550B750}.Ad-Hoc|iPhone.ActiveCfg = Release|Any CPU
		{24968AED-2C27-41AB-BC02-CAB22550B750}.Ad-Hoc|iPhone.Build.0 = Release|Any CPU
		{24968AED-2C27-41AB-BC02-CAB22550B750}.Ad-Hoc|iPhoneSimulator.ActiveCfg = Release|Any CPU
		{24968AED-2C27-41AB-BC02-CAB22550B750}.Ad-Hoc|iPhoneSimulator.Build.0 = Release|Any CPU
		{24968AED-2C27-41AB-BC02-CAB22550B750}.Ad-Hoc|x64.ActiveCfg = Release|Any CPU
		{24968AED-2C27-41AB-BC02-CAB22550B750}.Ad-Hoc|x64.Build.0 = Release|Any CPU
		{24968AED-2C27-41AB-BC02-CAB22550B750}.Ad-Hoc|x86.ActiveCfg = Release|Any CPU
		{24968AED-2C27-41AB-BC02-CAB22550B750}.Ad-Hoc|x86.Build.0 = Release|Any CPU
		{24968AED-2C27-41AB-BC02-CAB22550B750}.AppStore|Any CPU.ActiveCfg = Release|Any CPU
		{24968AED-2C27-41AB-BC02-CAB22550B750}.AppStore|Any CPU.Build.0 = Release|Any CPU
		{24968AED-2C27-41AB-BC02-CAB22550B750}.AppStore|ARM.ActiveCfg = Release|Any CPU
		{24968AED-2C27-41AB-BC02-CAB22550B750}.AppStore|ARM.Build.0 = Release|Any CPU
		{24968AED-2C27-41AB-BC02-CAB22550B750}.AppStore|iPhone.ActiveCfg = Release|Any CPU
		{24968AED-2C27-41AB-BC02-CAB22550B750}.AppStore|iPhone.Build.0 = Release|Any CPU
		{24968AED-2C27-41AB-BC02-CAB22550B750}.AppStore|iPhoneSimulator.ActiveCfg = Release|Any CPU
		{24968AED-2C27-41AB-BC02-CAB22550B750}.AppStore|iPhoneSimulator.Build.0 = Release|Any CPU
		{24968AED-2C27-41AB-BC02-CAB22550B750}.AppStore|x64.ActiveCfg = Release|Any CPU
		{24968AED-2C27-41AB-BC02-CAB22550B750}.AppStore|x64.Build.0 = Release|Any CPU
		{24968AED-2C27-41AB-BC02-CAB22550B750}.AppStore|x86.ActiveCfg = Release|Any CPU
		{24968AED-2C27-41AB-BC02-CAB22550B750}.AppStore|x86.Build.0 = Release|Any CPU
		{24968AED-2C27-41AB-BC02-CAB22550B750}.Debug|Any CPU.ActiveCfg = Debug|Any CPU
		{24968AED-2C27-41AB-BC02-CAB22550B750}.Debug|Any CPU.Build.0 = Debug|Any CPU
		{24968AED-2C27-41AB-BC02-CAB22550B750}.Debug|ARM.ActiveCfg = Debug|Any CPU
		{24968AED-2C27-41AB-BC02-CAB22550B750}.Debug|ARM.Build.0 = Debug|Any CPU
		{24968AED-2C27-41AB-BC02-CAB22550B750}.Debug|iPhone.ActiveCfg = Debug|Any CPU
		{24968AED-2C27-41AB-BC02-CAB22550B750}.Debug|iPhone.Build.0 = Debug|Any CPU
		{24968AED-2C27-41AB-BC02-CAB22550B750}.Debug|iPhoneSimulator.ActiveCfg = Debug|Any CPU
		{24968AED-2C27-41AB-BC02-CAB22550B750}.Debug|iPhoneSimulator.Build.0 = Debug|Any CPU
		{24968AED-2C27-41AB-BC02-CAB22550B750}.Debug|x64.ActiveCfg = Debug|Any CPU
		{24968AED-2C27-41AB-BC02-CAB22550B750}.Debug|x64.Build.0 = Debug|Any CPU
		{24968AED-2C27-41AB-BC02-CAB22550B750}.Debug|x86.ActiveCfg = Debug|Any CPU
		{24968AED-2C27-41AB-BC02-CAB22550B750}.Debug|x86.Build.0 = Debug|Any CPU
		{24968AED-2C27-41AB-BC02-CAB22550B750}.Release|Any CPU.ActiveCfg = Release|Any CPU
		{24968AED-2C27-41AB-BC02-CAB22550B750}.Release|Any CPU.Build.0 = Release|Any CPU
		{24968AED-2C27-41AB-BC02-CAB22550B750}.Release|ARM.ActiveCfg = Release|Any CPU
		{24968AED-2C27-41AB-BC02-CAB22550B750}.Release|ARM.Build.0 = Release|Any CPU
		{24968AED-2C27-41AB-BC02-CAB22550B750}.Release|iPhone.ActiveCfg = Release|Any CPU
		{24968AED-2C27-41AB-BC02-CAB22550B750}.Release|iPhone.Build.0 = Release|Any CPU
		{24968AED-2C27-41AB-BC02-CAB22550B750}.Release|iPhoneSimulator.ActiveCfg = Release|Any CPU
		{24968AED-2C27-41AB-BC02-CAB22550B750}.Release|iPhoneSimulator.Build.0 = Release|Any CPU
		{24968AED-2C27-41AB-BC02-CAB22550B750}.Release|x64.ActiveCfg = Release|Any CPU
		{24968AED-2C27-41AB-BC02-CAB22550B750}.Release|x64.Build.0 = Release|Any CPU
		{24968AED-2C27-41AB-BC02-CAB22550B750}.Release|x86.ActiveCfg = Release|Any CPU
		{24968AED-2C27-41AB-BC02-CAB22550B750}.Release|x86.Build.0 = Release|Any CPU
		{C16FC6A0-F4E8-4695-A785-6B92E1294497}.Ad-Hoc|Any CPU.ActiveCfg = Release|Any CPU
		{C16FC6A0-F4E8-4695-A785-6B92E1294497}.Ad-Hoc|Any CPU.Build.0 = Release|Any CPU
		{C16FC6A0-F4E8-4695-A785-6B92E1294497}.Ad-Hoc|Any CPU.Deploy.0 = Release|Any CPU
		{C16FC6A0-F4E8-4695-A785-6B92E1294497}.Ad-Hoc|ARM.ActiveCfg = Release|Any CPU
		{C16FC6A0-F4E8-4695-A785-6B92E1294497}.Ad-Hoc|ARM.Build.0 = Release|Any CPU
		{C16FC6A0-F4E8-4695-A785-6B92E1294497}.Ad-Hoc|ARM.Deploy.0 = Release|Any CPU
		{C16FC6A0-F4E8-4695-A785-6B92E1294497}.Ad-Hoc|iPhone.ActiveCfg = Release|Any CPU
		{C16FC6A0-F4E8-4695-A785-6B92E1294497}.Ad-Hoc|iPhone.Build.0 = Release|Any CPU
		{C16FC6A0-F4E8-4695-A785-6B92E1294497}.Ad-Hoc|iPhone.Deploy.0 = Release|Any CPU
		{C16FC6A0-F4E8-4695-A785-6B92E1294497}.Ad-Hoc|iPhoneSimulator.ActiveCfg = Release|Any CPU
		{C16FC6A0-F4E8-4695-A785-6B92E1294497}.Ad-Hoc|iPhoneSimulator.Build.0 = Release|Any CPU
		{C16FC6A0-F4E8-4695-A785-6B92E1294497}.Ad-Hoc|iPhoneSimulator.Deploy.0 = Release|Any CPU
		{C16FC6A0-F4E8-4695-A785-6B92E1294497}.Ad-Hoc|x64.ActiveCfg = Release|Any CPU
		{C16FC6A0-F4E8-4695-A785-6B92E1294497}.Ad-Hoc|x64.Build.0 = Release|Any CPU
		{C16FC6A0-F4E8-4695-A785-6B92E1294497}.Ad-Hoc|x64.Deploy.0 = Release|Any CPU
		{C16FC6A0-F4E8-4695-A785-6B92E1294497}.Ad-Hoc|x86.ActiveCfg = Release|Any CPU
		{C16FC6A0-F4E8-4695-A785-6B92E1294497}.Ad-Hoc|x86.Build.0 = Release|Any CPU
		{C16FC6A0-F4E8-4695-A785-6B92E1294497}.Ad-Hoc|x86.Deploy.0 = Release|Any CPU
		{C16FC6A0-F4E8-4695-A785-6B92E1294497}.AppStore|Any CPU.ActiveCfg = Release|Any CPU
		{C16FC6A0-F4E8-4695-A785-6B92E1294497}.AppStore|Any CPU.Build.0 = Release|Any CPU
		{C16FC6A0-F4E8-4695-A785-6B92E1294497}.AppStore|Any CPU.Deploy.0 = Release|Any CPU
		{C16FC6A0-F4E8-4695-A785-6B92E1294497}.AppStore|ARM.ActiveCfg = Release|Any CPU
		{C16FC6A0-F4E8-4695-A785-6B92E1294497}.AppStore|ARM.Build.0 = Release|Any CPU
		{C16FC6A0-F4E8-4695-A785-6B92E1294497}.AppStore|ARM.Deploy.0 = Release|Any CPU
		{C16FC6A0-F4E8-4695-A785-6B92E1294497}.AppStore|iPhone.ActiveCfg = Release|Any CPU
		{C16FC6A0-F4E8-4695-A785-6B92E1294497}.AppStore|iPhone.Build.0 = Release|Any CPU
		{C16FC6A0-F4E8-4695-A785-6B92E1294497}.AppStore|iPhone.Deploy.0 = Release|Any CPU
		{C16FC6A0-F4E8-4695-A785-6B92E1294497}.AppStore|iPhoneSimulator.ActiveCfg = Release|Any CPU
		{C16FC6A0-F4E8-4695-A785-6B92E1294497}.AppStore|iPhoneSimulator.Build.0 = Release|Any CPU
		{C16FC6A0-F4E8-4695-A785-6B92E1294497}.AppStore|iPhoneSimulator.Deploy.0 = Release|Any CPU
		{C16FC6A0-F4E8-4695-A785-6B92E1294497}.AppStore|x64.ActiveCfg = Release|Any CPU
		{C16FC6A0-F4E8-4695-A785-6B92E1294497}.AppStore|x64.Build.0 = Release|Any CPU
		{C16FC6A0-F4E8-4695-A785-6B92E1294497}.AppStore|x64.Deploy.0 = Release|Any CPU
		{C16FC6A0-F4E8-4695-A785-6B92E1294497}.AppStore|x86.ActiveCfg = Release|Any CPU
		{C16FC6A0-F4E8-4695-A785-6B92E1294497}.AppStore|x86.Build.0 = Release|Any CPU
		{C16FC6A0-F4E8-4695-A785-6B92E1294497}.AppStore|x86.Deploy.0 = Release|Any CPU
		{C16FC6A0-F4E8-4695-A785-6B92E1294497}.Debug|Any CPU.ActiveCfg = Debug|Any CPU
		{C16FC6A0-F4E8-4695-A785-6B92E1294497}.Debug|Any CPU.Build.0 = Debug|Any CPU
		{C16FC6A0-F4E8-4695-A785-6B92E1294497}.Debug|Any CPU.Deploy.0 = Debug|Any CPU
		{C16FC6A0-F4E8-4695-A785-6B92E1294497}.Debug|ARM.ActiveCfg = Debug|Any CPU
		{C16FC6A0-F4E8-4695-A785-6B92E1294497}.Debug|ARM.Build.0 = Debug|Any CPU
		{C16FC6A0-F4E8-4695-A785-6B92E1294497}.Debug|ARM.Deploy.0 = Debug|Any CPU
		{C16FC6A0-F4E8-4695-A785-6B92E1294497}.Debug|iPhone.ActiveCfg = Debug|Any CPU
		{C16FC6A0-F4E8-4695-A785-6B92E1294497}.Debug|iPhone.Build.0 = Debug|Any CPU
		{C16FC6A0-F4E8-4695-A785-6B92E1294497}.Debug|iPhone.Deploy.0 = Debug|Any CPU
		{C16FC6A0-F4E8-4695-A785-6B92E1294497}.Debug|iPhoneSimulator.ActiveCfg = Debug|Any CPU
		{C16FC6A0-F4E8-4695-A785-6B92E1294497}.Debug|iPhoneSimulator.Build.0 = Debug|Any CPU
		{C16FC6A0-F4E8-4695-A785-6B92E1294497}.Debug|iPhoneSimulator.Deploy.0 = Debug|Any CPU
		{C16FC6A0-F4E8-4695-A785-6B92E1294497}.Debug|x64.ActiveCfg = Debug|Any CPU
		{C16FC6A0-F4E8-4695-A785-6B92E1294497}.Debug|x64.Build.0 = Debug|Any CPU
		{C16FC6A0-F4E8-4695-A785-6B92E1294497}.Debug|x64.Deploy.0 = Debug|Any CPU
		{C16FC6A0-F4E8-4695-A785-6B92E1294497}.Debug|x86.ActiveCfg = Debug|Any CPU
		{C16FC6A0-F4E8-4695-A785-6B92E1294497}.Debug|x86.Build.0 = Debug|Any CPU
		{C16FC6A0-F4E8-4695-A785-6B92E1294497}.Debug|x86.Deploy.0 = Debug|Any CPU
		{C16FC6A0-F4E8-4695-A785-6B92E1294497}.Release|Any CPU.ActiveCfg = Release|Any CPU
		{C16FC6A0-F4E8-4695-A785-6B92E1294497}.Release|Any CPU.Build.0 = Release|Any CPU
		{C16FC6A0-F4E8-4695-A785-6B92E1294497}.Release|Any CPU.Deploy.0 = Release|Any CPU
		{C16FC6A0-F4E8-4695-A785-6B92E1294497}.Release|ARM.ActiveCfg = Release|Any CPU
		{C16FC6A0-F4E8-4695-A785-6B92E1294497}.Release|ARM.Build.0 = Release|Any CPU
		{C16FC6A0-F4E8-4695-A785-6B92E1294497}.Release|ARM.Deploy.0 = Release|Any CPU
		{C16FC6A0-F4E8-4695-A785-6B92E1294497}.Release|iPhone.ActiveCfg = Release|Any CPU
		{C16FC6A0-F4E8-4695-A785-6B92E1294497}.Release|iPhone.Build.0 = Release|Any CPU
		{C16FC6A0-F4E8-4695-A785-6B92E1294497}.Release|iPhone.Deploy.0 = Release|Any CPU
		{C16FC6A0-F4E8-4695-A785-6B92E1294497}.Release|iPhoneSimulator.ActiveCfg = Release|Any CPU
		{C16FC6A0-F4E8-4695-A785-6B92E1294497}.Release|iPhoneSimulator.Build.0 = Release|Any CPU
		{C16FC6A0-F4E8-4695-A785-6B92E1294497}.Release|iPhoneSimulator.Deploy.0 = Release|Any CPU
		{C16FC6A0-F4E8-4695-A785-6B92E1294497}.Release|x64.ActiveCfg = Release|Any CPU
		{C16FC6A0-F4E8-4695-A785-6B92E1294497}.Release|x64.Build.0 = Release|Any CPU
		{C16FC6A0-F4E8-4695-A785-6B92E1294497}.Release|x64.Deploy.0 = Release|Any CPU
		{C16FC6A0-F4E8-4695-A785-6B92E1294497}.Release|x86.ActiveCfg = Release|Any CPU
		{C16FC6A0-F4E8-4695-A785-6B92E1294497}.Release|x86.Build.0 = Release|Any CPU
		{C16FC6A0-F4E8-4695-A785-6B92E1294497}.Release|x86.Deploy.0 = Release|Any CPU
		{2EB6A623-7AC9-4DE3-BCC7-1F9F5BC576D1}.Ad-Hoc|Any CPU.ActiveCfg = Ad-Hoc|iPhone
		{2EB6A623-7AC9-4DE3-BCC7-1F9F5BC576D1}.Ad-Hoc|ARM.ActiveCfg = Ad-Hoc|iPhone
		{2EB6A623-7AC9-4DE3-BCC7-1F9F5BC576D1}.Ad-Hoc|iPhone.ActiveCfg = Ad-Hoc|iPhone
		{2EB6A623-7AC9-4DE3-BCC7-1F9F5BC576D1}.Ad-Hoc|iPhone.Build.0 = Ad-Hoc|iPhone
		{2EB6A623-7AC9-4DE3-BCC7-1F9F5BC576D1}.Ad-Hoc|iPhoneSimulator.ActiveCfg = Ad-Hoc|iPhoneSimulator
		{2EB6A623-7AC9-4DE3-BCC7-1F9F5BC576D1}.Ad-Hoc|iPhoneSimulator.Build.0 = Ad-Hoc|iPhoneSimulator
		{2EB6A623-7AC9-4DE3-BCC7-1F9F5BC576D1}.Ad-Hoc|x64.ActiveCfg = Ad-Hoc|iPhone
		{2EB6A623-7AC9-4DE3-BCC7-1F9F5BC576D1}.Ad-Hoc|x86.ActiveCfg = Ad-Hoc|iPhone
		{2EB6A623-7AC9-4DE3-BCC7-1F9F5BC576D1}.AppStore|Any CPU.ActiveCfg = AppStore|iPhone
		{2EB6A623-7AC9-4DE3-BCC7-1F9F5BC576D1}.AppStore|ARM.ActiveCfg = AppStore|iPhone
		{2EB6A623-7AC9-4DE3-BCC7-1F9F5BC576D1}.AppStore|iPhone.ActiveCfg = AppStore|iPhone
		{2EB6A623-7AC9-4DE3-BCC7-1F9F5BC576D1}.AppStore|iPhone.Build.0 = AppStore|iPhone
		{2EB6A623-7AC9-4DE3-BCC7-1F9F5BC576D1}.AppStore|iPhoneSimulator.ActiveCfg = AppStore|iPhoneSimulator
		{2EB6A623-7AC9-4DE3-BCC7-1F9F5BC576D1}.AppStore|iPhoneSimulator.Build.0 = AppStore|iPhoneSimulator
		{2EB6A623-7AC9-4DE3-BCC7-1F9F5BC576D1}.AppStore|x64.ActiveCfg = AppStore|iPhone
		{2EB6A623-7AC9-4DE3-BCC7-1F9F5BC576D1}.AppStore|x86.ActiveCfg = AppStore|iPhone
		{2EB6A623-7AC9-4DE3-BCC7-1F9F5BC576D1}.Debug|Any CPU.ActiveCfg = Debug|iPhone
		{2EB6A623-7AC9-4DE3-BCC7-1F9F5BC576D1}.Debug|ARM.ActiveCfg = Debug|iPhone
		{2EB6A623-7AC9-4DE3-BCC7-1F9F5BC576D1}.Debug|iPhone.ActiveCfg = Debug|iPhone
		{2EB6A623-7AC9-4DE3-BCC7-1F9F5BC576D1}.Debug|iPhone.Build.0 = Debug|iPhone
		{2EB6A623-7AC9-4DE3-BCC7-1F9F5BC576D1}.Debug|iPhoneSimulator.ActiveCfg = Debug|iPhoneSimulator
		{2EB6A623-7AC9-4DE3-BCC7-1F9F5BC576D1}.Debug|iPhoneSimulator.Build.0 = Debug|iPhoneSimulator
		{2EB6A623-7AC9-4DE3-BCC7-1F9F5BC576D1}.Debug|x64.ActiveCfg = Debug|iPhone
		{2EB6A623-7AC9-4DE3-BCC7-1F9F5BC576D1}.Debug|x86.ActiveCfg = Debug|iPhone
		{2EB6A623-7AC9-4DE3-BCC7-1F9F5BC576D1}.Release|Any CPU.ActiveCfg = Release|iPhone
		{2EB6A623-7AC9-4DE3-BCC7-1F9F5BC576D1}.Release|ARM.ActiveCfg = Release|iPhone
		{2EB6A623-7AC9-4DE3-BCC7-1F9F5BC576D1}.Release|iPhone.ActiveCfg = Release|iPhone
		{2EB6A623-7AC9-4DE3-BCC7-1F9F5BC576D1}.Release|iPhone.Build.0 = Release|iPhone
		{2EB6A623-7AC9-4DE3-BCC7-1F9F5BC576D1}.Release|iPhoneSimulator.ActiveCfg = Release|iPhoneSimulator
		{2EB6A623-7AC9-4DE3-BCC7-1F9F5BC576D1}.Release|iPhoneSimulator.Build.0 = Release|iPhoneSimulator
		{2EB6A623-7AC9-4DE3-BCC7-1F9F5BC576D1}.Release|x64.ActiveCfg = Release|iPhone
		{2EB6A623-7AC9-4DE3-BCC7-1F9F5BC576D1}.Release|x86.ActiveCfg = Release|iPhone
		{BF09E65A-1F4B-46F6-8C79-4A602F9B6567}.Ad-Hoc|Any CPU.ActiveCfg = Release|Any CPU
		{BF09E65A-1F4B-46F6-8C79-4A602F9B6567}.Ad-Hoc|Any CPU.Build.0 = Release|Any CPU
		{BF09E65A-1F4B-46F6-8C79-4A602F9B6567}.Ad-Hoc|Any CPU.Deploy.0 = Release|Any CPU
		{BF09E65A-1F4B-46F6-8C79-4A602F9B6567}.Ad-Hoc|ARM.ActiveCfg = Release|ARM
		{BF09E65A-1F4B-46F6-8C79-4A602F9B6567}.Ad-Hoc|ARM.Build.0 = Release|ARM
		{BF09E65A-1F4B-46F6-8C79-4A602F9B6567}.Ad-Hoc|ARM.Deploy.0 = Release|ARM
		{BF09E65A-1F4B-46F6-8C79-4A602F9B6567}.Ad-Hoc|iPhone.ActiveCfg = Release|Any CPU
		{BF09E65A-1F4B-46F6-8C79-4A602F9B6567}.Ad-Hoc|iPhone.Build.0 = Release|Any CPU
		{BF09E65A-1F4B-46F6-8C79-4A602F9B6567}.Ad-Hoc|iPhone.Deploy.0 = Release|Any CPU
		{BF09E65A-1F4B-46F6-8C79-4A602F9B6567}.Ad-Hoc|iPhoneSimulator.ActiveCfg = Release|Any CPU
		{BF09E65A-1F4B-46F6-8C79-4A602F9B6567}.Ad-Hoc|iPhoneSimulator.Build.0 = Release|Any CPU
		{BF09E65A-1F4B-46F6-8C79-4A602F9B6567}.Ad-Hoc|iPhoneSimulator.Deploy.0 = Release|Any CPU
		{BF09E65A-1F4B-46F6-8C79-4A602F9B6567}.Ad-Hoc|x64.ActiveCfg = Release|Any CPU
		{BF09E65A-1F4B-46F6-8C79-4A602F9B6567}.Ad-Hoc|x64.Build.0 = Release|Any CPU
		{BF09E65A-1F4B-46F6-8C79-4A602F9B6567}.Ad-Hoc|x64.Deploy.0 = Release|Any CPU
		{BF09E65A-1F4B-46F6-8C79-4A602F9B6567}.Ad-Hoc|x86.ActiveCfg = Release|x86
		{BF09E65A-1F4B-46F6-8C79-4A602F9B6567}.Ad-Hoc|x86.Build.0 = Release|x86
		{BF09E65A-1F4B-46F6-8C79-4A602F9B6567}.Ad-Hoc|x86.Deploy.0 = Release|x86
		{BF09E65A-1F4B-46F6-8C79-4A602F9B6567}.AppStore|Any CPU.ActiveCfg = Release|Any CPU
		{BF09E65A-1F4B-46F6-8C79-4A602F9B6567}.AppStore|Any CPU.Build.0 = Release|Any CPU
		{BF09E65A-1F4B-46F6-8C79-4A602F9B6567}.AppStore|Any CPU.Deploy.0 = Release|Any CPU
		{BF09E65A-1F4B-46F6-8C79-4A602F9B6567}.AppStore|ARM.ActiveCfg = Release|ARM
		{BF09E65A-1F4B-46F6-8C79-4A602F9B6567}.AppStore|ARM.Build.0 = Release|ARM
		{BF09E65A-1F4B-46F6-8C79-4A602F9B6567}.AppStore|ARM.Deploy.0 = Release|ARM
		{BF09E65A-1F4B-46F6-8C79-4A602F9B6567}.AppStore|iPhone.ActiveCfg = Release|Any CPU
		{BF09E65A-1F4B-46F6-8C79-4A602F9B6567}.AppStore|iPhone.Build.0 = Release|Any CPU
		{BF09E65A-1F4B-46F6-8C79-4A602F9B6567}.AppStore|iPhone.Deploy.0 = Release|Any CPU
		{BF09E65A-1F4B-46F6-8C79-4A602F9B6567}.AppStore|iPhoneSimulator.ActiveCfg = Release|Any CPU
		{BF09E65A-1F4B-46F6-8C79-4A602F9B6567}.AppStore|iPhoneSimulator.Build.0 = Release|Any CPU
		{BF09E65A-1F4B-46F6-8C79-4A602F9B6567}.AppStore|iPhoneSimulator.Deploy.0 = Release|Any CPU
		{BF09E65A-1F4B-46F6-8C79-4A602F9B6567}.AppStore|x64.ActiveCfg = Release|Any CPU
		{BF09E65A-1F4B-46F6-8C79-4A602F9B6567}.AppStore|x64.Build.0 = Release|Any CPU
		{BF09E65A-1F4B-46F6-8C79-4A602F9B6567}.AppStore|x64.Deploy.0 = Release|Any CPU
		{BF09E65A-1F4B-46F6-8C79-4A602F9B6567}.AppStore|x86.ActiveCfg = Release|x86
		{BF09E65A-1F4B-46F6-8C79-4A602F9B6567}.AppStore|x86.Build.0 = Release|x86
		{BF09E65A-1F4B-46F6-8C79-4A602F9B6567}.AppStore|x86.Deploy.0 = Release|x86
		{BF09E65A-1F4B-46F6-8C79-4A602F9B6567}.Debug|Any CPU.ActiveCfg = Debug|Any CPU
		{BF09E65A-1F4B-46F6-8C79-4A602F9B6567}.Debug|Any CPU.Build.0 = Debug|Any CPU
		{BF09E65A-1F4B-46F6-8C79-4A602F9B6567}.Debug|Any CPU.Deploy.0 = Debug|Any CPU
		{BF09E65A-1F4B-46F6-8C79-4A602F9B6567}.Debug|ARM.ActiveCfg = Debug|ARM
		{BF09E65A-1F4B-46F6-8C79-4A602F9B6567}.Debug|ARM.Build.0 = Debug|ARM
		{BF09E65A-1F4B-46F6-8C79-4A602F9B6567}.Debug|ARM.Deploy.0 = Debug|ARM
		{BF09E65A-1F4B-46F6-8C79-4A602F9B6567}.Debug|iPhone.ActiveCfg = Debug|Any CPU
		{BF09E65A-1F4B-46F6-8C79-4A602F9B6567}.Debug|iPhone.Build.0 = Debug|Any CPU
		{BF09E65A-1F4B-46F6-8C79-4A602F9B6567}.Debug|iPhone.Deploy.0 = Debug|Any CPU
		{BF09E65A-1F4B-46F6-8C79-4A602F9B6567}.Debug|iPhoneSimulator.ActiveCfg = Debug|Any CPU
		{BF09E65A-1F4B-46F6-8C79-4A602F9B6567}.Debug|iPhoneSimulator.Build.0 = Debug|Any CPU
		{BF09E65A-1F4B-46F6-8C79-4A602F9B6567}.Debug|iPhoneSimulator.Deploy.0 = Debug|Any CPU
		{BF09E65A-1F4B-46F6-8C79-4A602F9B6567}.Debug|x64.ActiveCfg = Debug|Any CPU
		{BF09E65A-1F4B-46F6-8C79-4A602F9B6567}.Debug|x64.Build.0 = Debug|Any CPU
		{BF09E65A-1F4B-46F6-8C79-4A602F9B6567}.Debug|x64.Deploy.0 = Debug|Any CPU
		{BF09E65A-1F4B-46F6-8C79-4A602F9B6567}.Debug|x86.ActiveCfg = Debug|x86
		{BF09E65A-1F4B-46F6-8C79-4A602F9B6567}.Debug|x86.Build.0 = Debug|x86
		{BF09E65A-1F4B-46F6-8C79-4A602F9B6567}.Debug|x86.Deploy.0 = Debug|x86
		{BF09E65A-1F4B-46F6-8C79-4A602F9B6567}.Release|Any CPU.ActiveCfg = Release|Any CPU
		{BF09E65A-1F4B-46F6-8C79-4A602F9B6567}.Release|Any CPU.Build.0 = Release|Any CPU
		{BF09E65A-1F4B-46F6-8C79-4A602F9B6567}.Release|Any CPU.Deploy.0 = Release|Any CPU
		{BF09E65A-1F4B-46F6-8C79-4A602F9B6567}.Release|ARM.ActiveCfg = Release|ARM
		{BF09E65A-1F4B-46F6-8C79-4A602F9B6567}.Release|ARM.Build.0 = Release|ARM
		{BF09E65A-1F4B-46F6-8C79-4A602F9B6567}.Release|ARM.Deploy.0 = Release|ARM
		{BF09E65A-1F4B-46F6-8C79-4A602F9B6567}.Release|iPhone.ActiveCfg = Release|Any CPU
		{BF09E65A-1F4B-46F6-8C79-4A602F9B6567}.Release|iPhone.Build.0 = Release|Any CPU
		{BF09E65A-1F4B-46F6-8C79-4A602F9B6567}.Release|iPhone.Deploy.0 = Release|Any CPU
		{BF09E65A-1F4B-46F6-8C79-4A602F9B6567}.Release|iPhoneSimulator.ActiveCfg = Release|Any CPU
		{BF09E65A-1F4B-46F6-8C79-4A602F9B6567}.Release|iPhoneSimulator.Build.0 = Release|Any CPU
		{BF09E65A-1F4B-46F6-8C79-4A602F9B6567}.Release|iPhoneSimulator.Deploy.0 = Release|Any CPU
		{BF09E65A-1F4B-46F6-8C79-4A602F9B6567}.Release|x64.ActiveCfg = Release|Any CPU
		{BF09E65A-1F4B-46F6-8C79-4A602F9B6567}.Release|x64.Build.0 = Release|Any CPU
		{BF09E65A-1F4B-46F6-8C79-4A602F9B6567}.Release|x64.Deploy.0 = Release|Any CPU
		{BF09E65A-1F4B-46F6-8C79-4A602F9B6567}.Release|x86.ActiveCfg = Release|x86
		{BF09E65A-1F4B-46F6-8C79-4A602F9B6567}.Release|x86.Build.0 = Release|x86
		{BF09E65A-1F4B-46F6-8C79-4A602F9B6567}.Release|x86.Deploy.0 = Release|x86
		{F90C8560-3D0F-4D2F-9293-94D6E9D83734}.Ad-Hoc|Any CPU.ActiveCfg = Release|Any CPU
		{F90C8560-3D0F-4D2F-9293-94D6E9D83734}.Ad-Hoc|Any CPU.Build.0 = Release|Any CPU
		{F90C8560-3D0F-4D2F-9293-94D6E9D83734}.Ad-Hoc|Any CPU.Deploy.0 = Release|Any CPU
		{F90C8560-3D0F-4D2F-9293-94D6E9D83734}.Ad-Hoc|ARM.ActiveCfg = Release|ARM
		{F90C8560-3D0F-4D2F-9293-94D6E9D83734}.Ad-Hoc|ARM.Build.0 = Release|ARM
		{F90C8560-3D0F-4D2F-9293-94D6E9D83734}.Ad-Hoc|ARM.Deploy.0 = Release|ARM
		{F90C8560-3D0F-4D2F-9293-94D6E9D83734}.Ad-Hoc|iPhone.ActiveCfg = Release|Any CPU
		{F90C8560-3D0F-4D2F-9293-94D6E9D83734}.Ad-Hoc|iPhone.Build.0 = Release|Any CPU
		{F90C8560-3D0F-4D2F-9293-94D6E9D83734}.Ad-Hoc|iPhone.Deploy.0 = Release|Any CPU
		{F90C8560-3D0F-4D2F-9293-94D6E9D83734}.Ad-Hoc|iPhoneSimulator.ActiveCfg = Release|Any CPU
		{F90C8560-3D0F-4D2F-9293-94D6E9D83734}.Ad-Hoc|iPhoneSimulator.Build.0 = Release|Any CPU
		{F90C8560-3D0F-4D2F-9293-94D6E9D83734}.Ad-Hoc|iPhoneSimulator.Deploy.0 = Release|Any CPU
		{F90C8560-3D0F-4D2F-9293-94D6E9D83734}.Ad-Hoc|x64.ActiveCfg = Release|x64
		{F90C8560-3D0F-4D2F-9293-94D6E9D83734}.Ad-Hoc|x64.Build.0 = Release|x64
		{F90C8560-3D0F-4D2F-9293-94D6E9D83734}.Ad-Hoc|x64.Deploy.0 = Release|x64
		{F90C8560-3D0F-4D2F-9293-94D6E9D83734}.Ad-Hoc|x86.ActiveCfg = Release|x86
		{F90C8560-3D0F-4D2F-9293-94D6E9D83734}.Ad-Hoc|x86.Build.0 = Release|x86
		{F90C8560-3D0F-4D2F-9293-94D6E9D83734}.Ad-Hoc|x86.Deploy.0 = Release|x86
		{F90C8560-3D0F-4D2F-9293-94D6E9D83734}.AppStore|Any CPU.ActiveCfg = Release|Any CPU
		{F90C8560-3D0F-4D2F-9293-94D6E9D83734}.AppStore|Any CPU.Build.0 = Release|Any CPU
		{F90C8560-3D0F-4D2F-9293-94D6E9D83734}.AppStore|Any CPU.Deploy.0 = Release|Any CPU
		{F90C8560-3D0F-4D2F-9293-94D6E9D83734}.AppStore|ARM.ActiveCfg = Release|ARM
		{F90C8560-3D0F-4D2F-9293-94D6E9D83734}.AppStore|ARM.Build.0 = Release|ARM
		{F90C8560-3D0F-4D2F-9293-94D6E9D83734}.AppStore|ARM.Deploy.0 = Release|ARM
		{F90C8560-3D0F-4D2F-9293-94D6E9D83734}.AppStore|iPhone.ActiveCfg = Release|Any CPU
		{F90C8560-3D0F-4D2F-9293-94D6E9D83734}.AppStore|iPhone.Build.0 = Release|Any CPU
		{F90C8560-3D0F-4D2F-9293-94D6E9D83734}.AppStore|iPhone.Deploy.0 = Release|Any CPU
		{F90C8560-3D0F-4D2F-9293-94D6E9D83734}.AppStore|iPhoneSimulator.ActiveCfg = Release|Any CPU
		{F90C8560-3D0F-4D2F-9293-94D6E9D83734}.AppStore|iPhoneSimulator.Build.0 = Release|Any CPU
		{F90C8560-3D0F-4D2F-9293-94D6E9D83734}.AppStore|iPhoneSimulator.Deploy.0 = Release|Any CPU
		{F90C8560-3D0F-4D2F-9293-94D6E9D83734}.AppStore|x64.ActiveCfg = Release|x64
		{F90C8560-3D0F-4D2F-9293-94D6E9D83734}.AppStore|x64.Build.0 = Release|x64
		{F90C8560-3D0F-4D2F-9293-94D6E9D83734}.AppStore|x64.Deploy.0 = Release|x64
		{F90C8560-3D0F-4D2F-9293-94D6E9D83734}.AppStore|x86.ActiveCfg = Release|x86
		{F90C8560-3D0F-4D2F-9293-94D6E9D83734}.AppStore|x86.Build.0 = Release|x86
		{F90C8560-3D0F-4D2F-9293-94D6E9D83734}.AppStore|x86.Deploy.0 = Release|x86
		{F90C8560-3D0F-4D2F-9293-94D6E9D83734}.Debug|Any CPU.ActiveCfg = Debug|Any CPU
		{F90C8560-3D0F-4D2F-9293-94D6E9D83734}.Debug|Any CPU.Build.0 = Debug|Any CPU
		{F90C8560-3D0F-4D2F-9293-94D6E9D83734}.Debug|Any CPU.Deploy.0 = Debug|Any CPU
		{F90C8560-3D0F-4D2F-9293-94D6E9D83734}.Debug|ARM.ActiveCfg = Debug|ARM
		{F90C8560-3D0F-4D2F-9293-94D6E9D83734}.Debug|ARM.Build.0 = Debug|ARM
		{F90C8560-3D0F-4D2F-9293-94D6E9D83734}.Debug|ARM.Deploy.0 = Debug|ARM
		{F90C8560-3D0F-4D2F-9293-94D6E9D83734}.Debug|iPhone.ActiveCfg = Debug|Any CPU
		{F90C8560-3D0F-4D2F-9293-94D6E9D83734}.Debug|iPhone.Build.0 = Debug|Any CPU
		{F90C8560-3D0F-4D2F-9293-94D6E9D83734}.Debug|iPhone.Deploy.0 = Debug|Any CPU
		{F90C8560-3D0F-4D2F-9293-94D6E9D83734}.Debug|iPhoneSimulator.ActiveCfg = Debug|Any CPU
		{F90C8560-3D0F-4D2F-9293-94D6E9D83734}.Debug|iPhoneSimulator.Build.0 = Debug|Any CPU
		{F90C8560-3D0F-4D2F-9293-94D6E9D83734}.Debug|iPhoneSimulator.Deploy.0 = Debug|Any CPU
		{F90C8560-3D0F-4D2F-9293-94D6E9D83734}.Debug|x64.ActiveCfg = Debug|x64
		{F90C8560-3D0F-4D2F-9293-94D6E9D83734}.Debug|x64.Build.0 = Debug|x64
		{F90C8560-3D0F-4D2F-9293-94D6E9D83734}.Debug|x64.Deploy.0 = Debug|x64
		{F90C8560-3D0F-4D2F-9293-94D6E9D83734}.Debug|x86.ActiveCfg = Debug|x86
		{F90C8560-3D0F-4D2F-9293-94D6E9D83734}.Debug|x86.Build.0 = Debug|x86
		{F90C8560-3D0F-4D2F-9293-94D6E9D83734}.Debug|x86.Deploy.0 = Debug|x86
		{F90C8560-3D0F-4D2F-9293-94D6E9D83734}.Release|Any CPU.ActiveCfg = Release|Any CPU
		{F90C8560-3D0F-4D2F-9293-94D6E9D83734}.Release|Any CPU.Build.0 = Release|Any CPU
		{F90C8560-3D0F-4D2F-9293-94D6E9D83734}.Release|Any CPU.Deploy.0 = Release|Any CPU
		{F90C8560-3D0F-4D2F-9293-94D6E9D83734}.Release|ARM.ActiveCfg = Release|ARM
		{F90C8560-3D0F-4D2F-9293-94D6E9D83734}.Release|ARM.Build.0 = Release|ARM
		{F90C8560-3D0F-4D2F-9293-94D6E9D83734}.Release|ARM.Deploy.0 = Release|ARM
		{F90C8560-3D0F-4D2F-9293-94D6E9D83734}.Release|iPhone.ActiveCfg = Release|Any CPU
		{F90C8560-3D0F-4D2F-9293-94D6E9D83734}.Release|iPhone.Build.0 = Release|Any CPU
		{F90C8560-3D0F-4D2F-9293-94D6E9D83734}.Release|iPhone.Deploy.0 = Release|Any CPU
		{F90C8560-3D0F-4D2F-9293-94D6E9D83734}.Release|iPhoneSimulator.ActiveCfg = Release|Any CPU
		{F90C8560-3D0F-4D2F-9293-94D6E9D83734}.Release|iPhoneSimulator.Build.0 = Release|Any CPU
		{F90C8560-3D0F-4D2F-9293-94D6E9D83734}.Release|iPhoneSimulator.Deploy.0 = Release|Any CPU
		{F90C8560-3D0F-4D2F-9293-94D6E9D83734}.Release|x64.ActiveCfg = Release|x64
		{F90C8560-3D0F-4D2F-9293-94D6E9D83734}.Release|x64.Build.0 = Release|x64
		{F90C8560-3D0F-4D2F-9293-94D6E9D83734}.Release|x64.Deploy.0 = Release|x64
		{F90C8560-3D0F-4D2F-9293-94D6E9D83734}.Release|x86.ActiveCfg = Release|x86
		{F90C8560-3D0F-4D2F-9293-94D6E9D83734}.Release|x86.Build.0 = Release|x86
		{F90C8560-3D0F-4D2F-9293-94D6E9D83734}.Release|x86.Deploy.0 = Release|x86
	EndGlobalSection
	GlobalSection(SolutionProperties) = preSolution
		HideSolutionNode = FALSE
	EndGlobalSection
EndGlobal
